{
  "version": 4,
  "terraform_version": "1.9.5",
  "serial": 183,
  "lineage": "5a182955-3c85-7030-c43c-58b10c00a289",
  "outputs": {
    "RG_names_list": {
      "value": [
        "Suganth-RG-Test-02",
        "Suganth-RG-Test-03",
        "Suganth-RG-Test-04",
        "VNET-RG-Test-01"
      ],
      "type": [
        "tuple",
        [
          "string",
          "string",
          "string",
          "string"
        ]
      ]
    }
  },
  "resources": [
    {
      "mode": "managed",
      "type": "azurerm_resource_group",
      "name": "RG-Suganth-test",
      "provider": "provider[\"registry.terraform.io/hashicorp/azurerm\"]",
      "instances": [
        {
          "index_key": "Suganth-RG-Test-02",
          "schema_version": 0,
          "attributes": {
            "id": "/subscriptions/dd5a8655-3d2a-4811-842d-3c8d5aa660b3/resourceGroups/Suganth-RG-Test-02",
            "location": "westeurope",
            "managed_by": "",
            "name": "Suganth-RG-Test-02",
            "tags": null,
            "timeouts": null
          },
          "sensitive_attributes": [],
          "private": "eyJlMmJmYjczMC1lY2FhLTExZTYtOGY4OC0zNDM2M2JjN2M0YzAiOnsiY3JlYXRlIjo1NDAwMDAwMDAwMDAwLCJkZWxldGUiOjU0MDAwMDAwMDAwMDAsInJlYWQiOjMwMDAwMDAwMDAwMCwidXBkYXRlIjo1NDAwMDAwMDAwMDAwfX0="
        },
        {
          "index_key": "Suganth-RG-Test-03",
          "schema_version": 0,
          "attributes": {
            "id": "/subscriptions/dd5a8655-3d2a-4811-842d-3c8d5aa660b3/resourceGroups/Suganth-RG-Test-03",
            "location": "westeurope",
            "managed_by": "",
            "name": "Suganth-RG-Test-03",
            "tags": null,
            "timeouts": null
          },
          "sensitive_attributes": [],
          "private": "eyJlMmJmYjczMC1lY2FhLTExZTYtOGY4OC0zNDM2M2JjN2M0YzAiOnsiY3JlYXRlIjo1NDAwMDAwMDAwMDAwLCJkZWxldGUiOjU0MDAwMDAwMDAwMDAsInJlYWQiOjMwMDAwMDAwMDAwMCwidXBkYXRlIjo1NDAwMDAwMDAwMDAwfX0="
        },
        {
          "index_key": "Suganth-RG-Test-04",
          "schema_version": 0,
          "attributes": {
            "id": "/subscriptions/dd5a8655-3d2a-4811-842d-3c8d5aa660b3/resourceGroups/Suganth-RG-Test-04",
            "location": "westeurope",
            "managed_by": "",
            "name": "Suganth-RG-Test-04",
            "tags": null,
            "timeouts": null
          },
          "sensitive_attributes": [],
          "private": "eyJlMmJmYjczMC1lY2FhLTExZTYtOGY4OC0zNDM2M2JjN2M0YzAiOnsiY3JlYXRlIjo1NDAwMDAwMDAwMDAwLCJkZWxldGUiOjU0MDAwMDAwMDAwMDAsInJlYWQiOjMwMDAwMDAwMDAwMCwidXBkYXRlIjo1NDAwMDAwMDAwMDAwfX0="
        },
        {
          "index_key": "VNET-RG-Test-01",
          "schema_version": 0,
          "attributes": {
            "id": "/subscriptions/dd5a8655-3d2a-4811-842d-3c8d5aa660b3/resourceGroups/VNET-RG-Test-01",
            "location": "westeurope",
            "managed_by": "",
            "name": "VNET-RG-Test-01",
            "tags": null,
            "timeouts": null
          },
          "sensitive_attributes": [],
          "private": "eyJlMmJmYjczMC1lY2FhLTExZTYtOGY4OC0zNDM2M2JjN2M0YzAiOnsiY3JlYXRlIjo1NDAwMDAwMDAwMDAwLCJkZWxldGUiOjU0MDAwMDAwMDAwMDAsInJlYWQiOjMwMDAwMDAwMDAwMCwidXBkYXRlIjo1NDAwMDAwMDAwMDAwfX0="
        }
      ]
    },
    {
      "mode": "managed",
      "type": "azurerm_subnet",
      "name": "SNET-Suganth-test",
      "provider": "provider[\"registry.terraform.io/hashicorp/azurerm\"]",
      "instances": [
        {
          "index_key": "SNET-RG-Test-01",
          "schema_version": 0,
          "attributes": {
            "address_prefixes": [
              "10.0.1.0/24"
            ],
            "default_outbound_access_enabled": true,
            "delegation": [],
            "id": "/subscriptions/dd5a8655-3d2a-4811-842d-3c8d5aa660b3/resourceGroups/VNET-RG-Test-01/providers/Microsoft.Network/virtualNetworks/Suganth-VNT-Test-01/subnets/SNET-RG-Test-01",
            "name": "SNET-RG-Test-01",
            "private_endpoint_network_policies": "Disabled",
            "private_link_service_network_policies_enabled": true,
            "resource_group_name": "VNET-RG-Test-01",
            "service_endpoint_policy_ids": null,
            "service_endpoints": null,
            "timeouts": null,
            "virtual_network_name": "Suganth-VNT-Test-01"
          },
          "sensitive_attributes": [],
          "private": "eyJlMmJmYjczMC1lY2FhLTExZTYtOGY4OC0zNDM2M2JjN2M0YzAiOnsiY3JlYXRlIjoxODAwMDAwMDAwMDAwLCJkZWxldGUiOjE4MDAwMDAwMDAwMDAsInJlYWQiOjMwMDAwMDAwMDAwMCwidXBkYXRlIjoxODAwMDAwMDAwMDAwfX0=",
          "dependencies": [
            "azurerm_resource_group.RG-Suganth-test",
            "azurerm_virtual_network.VNET-Suganth-test"
          ]
        },
        {
          "index_key": "SNET-RG-Test-02",
          "schema_version": 0,
          "attributes": {
            "address_prefixes": [
              "10.0.2.0/24"
            ],
            "default_outbound_access_enabled": true,
            "delegation": [],
            "id": "/subscriptions/dd5a8655-3d2a-4811-842d-3c8d5aa660b3/resourceGroups/VNET-RG-Test-01/providers/Microsoft.Network/virtualNetworks/Suganth-VNT-Test-01/subnets/SNET-RG-Test-02",
            "name": "SNET-RG-Test-02",
            "private_endpoint_network_policies": "Disabled",
            "private_link_service_network_policies_enabled": true,
            "resource_group_name": "VNET-RG-Test-01",
            "service_endpoint_policy_ids": null,
            "service_endpoints": null,
            "timeouts": null,
            "virtual_network_name": "Suganth-VNT-Test-01"
          },
          "sensitive_attributes": [],
          "private": "eyJlMmJmYjczMC1lY2FhLTExZTYtOGY4OC0zNDM2M2JjN2M0YzAiOnsiY3JlYXRlIjoxODAwMDAwMDAwMDAwLCJkZWxldGUiOjE4MDAwMDAwMDAwMDAsInJlYWQiOjMwMDAwMDAwMDAwMCwidXBkYXRlIjoxODAwMDAwMDAwMDAwfX0=",
          "dependencies": [
            "azurerm_resource_group.RG-Suganth-test",
            "azurerm_virtual_network.VNET-Suganth-test"
          ]
        },
        {
          "index_key": "SNET-RG-Test-03",
          "schema_version": 0,
          "attributes": {
            "address_prefixes": [
              "10.0.3.0/24"
            ],
            "default_outbound_access_enabled": true,
            "delegation": [],
            "id": "/subscriptions/dd5a8655-3d2a-4811-842d-3c8d5aa660b3/resourceGroups/VNET-RG-Test-01/providers/Microsoft.Network/virtualNetworks/Suganth-VNT-Test-01/subnets/SNET-RG-Test-03",
            "name": "SNET-RG-Test-03",
            "private_endpoint_network_policies": "Disabled",
            "private_link_service_network_policies_enabled": true,
            "resource_group_name": "VNET-RG-Test-01",
            "service_endpoint_policy_ids": null,
            "service_endpoints": null,
            "timeouts": null,
            "virtual_network_name": "Suganth-VNT-Test-01"
          },
          "sensitive_attributes": [],
          "private": "eyJlMmJmYjczMC1lY2FhLTExZTYtOGY4OC0zNDM2M2JjN2M0YzAiOnsiY3JlYXRlIjoxODAwMDAwMDAwMDAwLCJkZWxldGUiOjE4MDAwMDAwMDAwMDAsInJlYWQiOjMwMDAwMDAwMDAwMCwidXBkYXRlIjoxODAwMDAwMDAwMDAwfX0=",
          "dependencies": [
            "azurerm_resource_group.RG-Suganth-test",
            "azurerm_virtual_network.VNET-Suganth-test"
          ]
        }
      ]
    },
    {
      "mode": "managed",
      "type": "azurerm_virtual_network",
      "name": "VNET-Suganth-test",
      "provider": "provider[\"registry.terraform.io/hashicorp/azurerm\"]",
      "instances": [
        {
          "schema_version": 0,
          "attributes": {
            "address_space": [
              "10.0.0.0/16"
            ],
            "bgp_community": "",
            "ddos_protection_plan": [],
            "dns_servers": [],
            "edge_zone": "",
            "encryption": [],
            "flow_timeout_in_minutes": 0,
            "guid": "d9b7310b-b2ee-4fef-b7b4-7a42ae8e95f9",
            "id": "/subscriptions/dd5a8655-3d2a-4811-842d-3c8d5aa660b3/resourceGroups/VNET-RG-Test-01/providers/Microsoft.Network/virtualNetworks/Suganth-VNT-Test-01",
            "location": "westeurope",
            "name": "Suganth-VNT-Test-01",
            "resource_group_name": "VNET-RG-Test-01",
            "subnet": [],
            "tags": null,
            "timeouts": null
          },
          "sensitive_attributes": [],
          "private": "eyJlMmJmYjczMC1lY2FhLTExZTYtOGY4OC0zNDM2M2JjN2M0YzAiOnsiY3JlYXRlIjoxODAwMDAwMDAwMDAwLCJkZWxldGUiOjE4MDAwMDAwMDAwMDAsInJlYWQiOjMwMDAwMDAwMDAwMCwidXBkYXRlIjoxODAwMDAwMDAwMDAwfX0=",
          "dependencies": [
            "azurerm_resource_group.RG-Suganth-test"
          ]
        }
      ]
    }
  ],
  "check_results": null
}
